// !$*UTF8*$!
{
	archiveVersion = 1;
	classes = {
	};
	objectVersion = 55;
	objects = {

/* Begin PBXBuildFile section */
		A90E1A1228C7F61E00DEC03E /* Port_WatchApp.swift in Sources */ = {isa = PBXBuildFile; fileRef = A90E1A1128C7F61E00DEC03E /* Port_WatchApp.swift */; };
		A90E1A1628C7F62000DEC03E /* Assets.xcassets in Resources */ = {isa = PBXBuildFile; fileRef = A90E1A1528C7F62000DEC03E /* Assets.xcassets */; };
		A90E1A1928C7F62000DEC03E /* Preview Assets.xcassets in Resources */ = {isa = PBXBuildFile; fileRef = A90E1A1828C7F62000DEC03E /* Preview Assets.xcassets */; };
		A90E1A2428C7F62000DEC03E /* Port_WatchTests.swift in Sources */ = {isa = PBXBuildFile; fileRef = A90E1A2328C7F62000DEC03E /* Port_WatchTests.swift */; };
		A90E1A2E28C7F62000DEC03E /* Port_WatchUITests.swift in Sources */ = {isa = PBXBuildFile; fileRef = A90E1A2D28C7F62000DEC03E /* Port_WatchUITests.swift */; };
		A90E1A3028C7F62000DEC03E /* Port_WatchUITestsLaunchTests.swift in Sources */ = {isa = PBXBuildFile; fileRef = A90E1A2F28C7F62000DEC03E /* Port_WatchUITestsLaunchTests.swift */; };
		A90E1A4228C7F72200DEC03E /* MainView.swift in Sources */ = {isa = PBXBuildFile; fileRef = A90E1A4128C7F72200DEC03E /* MainView.swift */; };
		A90E1A4428C7F75F00DEC03E /* MainViewModel.swift in Sources */ = {isa = PBXBuildFile; fileRef = A90E1A4328C7F75F00DEC03E /* MainViewModel.swift */; };
		A90E1A4728C7F7B700DEC03E /* NetworkProtocol.swift in Sources */ = {isa = PBXBuildFile; fileRef = A90E1A4628C7F7B700DEC03E /* NetworkProtocol.swift */; };
		A90E1A4928C7F7E000DEC03E /* NetworkConnection.swift in Sources */ = {isa = PBXBuildFile; fileRef = A90E1A4828C7F7E000DEC03E /* NetworkConnection.swift */; };
		A90E1A4B28C7F81100DEC03E /* NetworkAddress.swift in Sources */ = {isa = PBXBuildFile; fileRef = A90E1A4A28C7F81100DEC03E /* NetworkAddress.swift */; };
		A90E1A4D28C7F85000DEC03E /* ResourceUtil.swift in Sources */ = {isa = PBXBuildFile; fileRef = A90E1A4C28C7F85000DEC03E /* ResourceUtil.swift */; };
		A90E1A4F28C7F88600DEC03E /* ConnectionsUtil.swift in Sources */ = {isa = PBXBuildFile; fileRef = A90E1A4E28C7F88600DEC03E /* ConnectionsUtil.swift */; };
		A90E1A5228C7FA7100DEC03E /* AppDelegate.swift in Sources */ = {isa = PBXBuildFile; fileRef = A90E1A5128C7FA7100DEC03E /* AppDelegate.swift */; };
		A90E1A5528C7FBBC00DEC03E /* Localizable.strings in Resources */ = {isa = PBXBuildFile; fileRef = A90E1A5728C7FBBC00DEC03E /* Localizable.strings */; };
		A92352422915630D006707A1 /* DetailView.swift in Sources */ = {isa = PBXBuildFile; fileRef = A92352412915630D006707A1 /* DetailView.swift */; };
		A92352442915CA4C006707A1 /* Constants.swift in Sources */ = {isa = PBXBuildFile; fileRef = A92352432915CA4C006707A1 /* Constants.swift */; };
/* End PBXBuildFile section */

/* Begin PBXContainerItemProxy section */
		A90E1A2028C7F62000DEC03E /* PBXContainerItemProxy */ = {
			isa = PBXContainerItemProxy;
			containerPortal = A90E1A0628C7F61E00DEC03E /* Project object */;
			proxyType = 1;
			remoteGlobalIDString = A90E1A0D28C7F61E00DEC03E;
			remoteInfo = "Port Watch";
		};
		A90E1A2A28C7F62000DEC03E /* PBXContainerItemProxy */ = {
			isa = PBXContainerItemProxy;
			containerPortal = A90E1A0628C7F61E00DEC03E /* Project object */;
			proxyType = 1;
			remoteGlobalIDString = A90E1A0D28C7F61E00DEC03E;
			remoteInfo = "Port Watch";
		};
/* End PBXContainerItemProxy section */

/* Begin PBXFileReference section */
		A90E1A0E28C7F61E00DEC03E /* Port Watch.app */ = {isa = PBXFileReference; explicitFileType = wrapper.application; includeInIndex = 0; path = "Port Watch.app"; sourceTree = BUILT_PRODUCTS_DIR; };
		A90E1A1128C7F61E00DEC03E /* Port_WatchApp.swift */ = {isa = PBXFileReference; lastKnownFileType = sourcecode.swift; path = Port_WatchApp.swift; sourceTree = "<group>"; };
		A90E1A1528C7F62000DEC03E /* Assets.xcassets */ = {isa = PBXFileReference; lastKnownFileType = folder.assetcatalog; path = Assets.xcassets; sourceTree = "<group>"; };
		A90E1A1828C7F62000DEC03E /* Preview Assets.xcassets */ = {isa = PBXFileReference; lastKnownFileType = folder.assetcatalog; path = "Preview Assets.xcassets"; sourceTree = "<group>"; };
		A90E1A1A28C7F62000DEC03E /* Port_Watch.entitlements */ = {isa = PBXFileReference; lastKnownFileType = text.plist.entitlements; path = Port_Watch.entitlements; sourceTree = "<group>"; };
		A90E1A1F28C7F62000DEC03E /* Port WatchTests.xctest */ = {isa = PBXFileReference; explicitFileType = wrapper.cfbundle; includeInIndex = 0; path = "Port WatchTests.xctest"; sourceTree = BUILT_PRODUCTS_DIR; };
		A90E1A2328C7F62000DEC03E /* Port_WatchTests.swift */ = {isa = PBXFileReference; lastKnownFileType = sourcecode.swift; path = Port_WatchTests.swift; sourceTree = "<group>"; };
		A90E1A2928C7F62000DEC03E /* Port WatchUITests.xctest */ = {isa = PBXFileReference; explicitFileType = wrapper.cfbundle; includeInIndex = 0; path = "Port WatchUITests.xctest"; sourceTree = BUILT_PRODUCTS_DIR; };
		A90E1A2D28C7F62000DEC03E /* Port_WatchUITests.swift */ = {isa = PBXFileReference; lastKnownFileType = sourcecode.swift; path = Port_WatchUITests.swift; sourceTree = "<group>"; };
		A90E1A2F28C7F62000DEC03E /* Port_WatchUITestsLaunchTests.swift */ = {isa = PBXFileReference; lastKnownFileType = sourcecode.swift; path = Port_WatchUITestsLaunchTests.swift; sourceTree = "<group>"; };
		A90E1A4128C7F72200DEC03E /* MainView.swift */ = {isa = PBXFileReference; lastKnownFileType = sourcecode.swift; path = MainView.swift; sourceTree = "<group>"; };
		A90E1A4328C7F75F00DEC03E /* MainViewModel.swift */ = {isa = PBXFileReference; lastKnownFileType = sourcecode.swift; path = MainViewModel.swift; sourceTree = "<group>"; };
		A90E1A4628C7F7B700DEC03E /* NetworkProtocol.swift */ = {isa = PBXFileReference; lastKnownFileType = sourcecode.swift; path = NetworkProtocol.swift; sourceTree = "<group>"; };
		A90E1A4828C7F7E000DEC03E /* NetworkConnection.swift */ = {isa = PBXFileReference; lastKnownFileType = sourcecode.swift; path = NetworkConnection.swift; sourceTree = "<group>"; };
		A90E1A4A28C7F81100DEC03E /* NetworkAddress.swift */ = {isa = PBXFileReference; lastKnownFileType = sourcecode.swift; path = NetworkAddress.swift; sourceTree = "<group>"; };
		A90E1A4C28C7F85000DEC03E /* ResourceUtil.swift */ = {isa = PBXFileReference; lastKnownFileType = sourcecode.swift; path = ResourceUtil.swift; sourceTree = "<group>"; };
		A90E1A4E28C7F88600DEC03E /* ConnectionsUtil.swift */ = {isa = PBXFileReference; lastKnownFileType = sourcecode.swift; path = ConnectionsUtil.swift; sourceTree = "<group>"; };
		A90E1A5028C7F91F00DEC03E /* Port-Watch-Bridging-Header.h */ = {isa = PBXFileReference; lastKnownFileType = sourcecode.c.h; path = "Port-Watch-Bridging-Header.h"; sourceTree = "<group>"; };
		A90E1A5128C7FA7100DEC03E /* AppDelegate.swift */ = {isa = PBXFileReference; lastKnownFileType = sourcecode.swift; path = AppDelegate.swift; sourceTree = "<group>"; };
		A90E1A5628C7FBBC00DEC03E /* en */ = {isa = PBXFileReference; lastKnownFileType = text.plist.strings; name = en; path = en.lproj/Localizable.strings; sourceTree = "<group>"; };
		A90E1A5828C7FC6600DEC03E /* de */ = {isa = PBXFileReference; lastKnownFileType = text.plist.strings; name = de; path = de.lproj/Localizable.strings; sourceTree = "<group>"; };
		A90E1A5928C7FC8900DEC03E /* es */ = {isa = PBXFileReference; lastKnownFileType = text.plist.strings; name = es; path = es.lproj/Localizable.strings; sourceTree = "<group>"; };
		A90E1A5A28C7FCB800DEC03E /* fr */ = {isa = PBXFileReference; lastKnownFileType = text.plist.strings; name = fr; path = fr.lproj/Localizable.strings; sourceTree = "<group>"; };
		A92352412915630D006707A1 /* DetailView.swift */ = {isa = PBXFileReference; lastKnownFileType = sourcecode.swift; path = DetailView.swift; sourceTree = "<group>"; };
		A92352432915CA4C006707A1 /* Constants.swift */ = {isa = PBXFileReference; lastKnownFileType = sourcecode.swift; path = Constants.swift; sourceTree = "<group>"; };
/* End PBXFileReference section */

/* Begin PBXFrameworksBuildPhase section */
		A90E1A0B28C7F61E00DEC03E /* Frameworks */ = {
			isa = PBXFrameworksBuildPhase;
			buildActionMask = 2147483647;
			files = (
			);
			runOnlyForDeploymentPostprocessing = 0;
		};
		A90E1A1C28C7F62000DEC03E /* Frameworks */ = {
			isa = PBXFrameworksBuildPhase;
			buildActionMask = 2147483647;
			files = (
			);
			runOnlyForDeploymentPostprocessing = 0;
		};
		A90E1A2628C7F62000DEC03E /* Frameworks */ = {
			isa = PBXFrameworksBuildPhase;
			buildActionMask = 2147483647;
			files = (
			);
			runOnlyForDeploymentPostprocessing = 0;
		};
/* End PBXFrameworksBuildPhase section */

/* Begin PBXGroup section */
		A90E1A0528C7F61E00DEC03E = {
			isa = PBXGroup;
			children = (
				A90E1A5028C7F91F00DEC03E /* Port-Watch-Bridging-Header.h */,
				A90E1A1028C7F61E00DEC03E /* Port Watch */,
				A90E1A2228C7F62000DEC03E /* Port WatchTests */,
				A90E1A2C28C7F62000DEC03E /* Port WatchUITests */,
				A90E1A0F28C7F61E00DEC03E /* Products */,
			);
			sourceTree = "<group>";
		};
		A90E1A0F28C7F61E00DEC03E /* Products */ = {
			isa = PBXGroup;
			children = (
				A90E1A0E28C7F61E00DEC03E /* Port Watch.app */,
				A90E1A1F28C7F62000DEC03E /* Port WatchTests.xctest */,
				A90E1A2928C7F62000DEC03E /* Port WatchUITests.xctest */,
			);
			name = Products;
			sourceTree = "<group>";
		};
		A90E1A1028C7F61E00DEC03E /* Port Watch */ = {
			isa = PBXGroup;
			children = (
				A90E1A3C28C7F63400DEC03E /* View */,
				A90E1A3D28C7F63B00DEC03E /* ViewModel */,
				A90E1A3E28C7F64F00DEC03E /* Model */,
				A90E1A3F28C7F65D00DEC03E /* Utilities */,
				A90E1A1128C7F61E00DEC03E /* Port_WatchApp.swift */,
				A90E1A5128C7FA7100DEC03E /* AppDelegate.swift */,
				A90E1A1528C7F62000DEC03E /* Assets.xcassets */,
				A90E1A1A28C7F62000DEC03E /* Port_Watch.entitlements */,
				A90E1A1728C7F62000DEC03E /* Preview Content */,
				A90E1A5728C7FBBC00DEC03E /* Localizable.strings */,
			);
			path = "Port Watch";
			sourceTree = "<group>";
		};
		A90E1A1728C7F62000DEC03E /* Preview Content */ = {
			isa = PBXGroup;
			children = (
				A90E1A1828C7F62000DEC03E /* Preview Assets.xcassets */,
			);
			path = "Preview Content";
			sourceTree = "<group>";
		};
		A90E1A2228C7F62000DEC03E /* Port WatchTests */ = {
			isa = PBXGroup;
			children = (
				A90E1A2328C7F62000DEC03E /* Port_WatchTests.swift */,
			);
			path = "Port WatchTests";
			sourceTree = "<group>";
		};
		A90E1A2C28C7F62000DEC03E /* Port WatchUITests */ = {
			isa = PBXGroup;
			children = (
				A90E1A2D28C7F62000DEC03E /* Port_WatchUITests.swift */,
				A90E1A2F28C7F62000DEC03E /* Port_WatchUITestsLaunchTests.swift */,
			);
			path = "Port WatchUITests";
			sourceTree = "<group>";
		};
		A90E1A3C28C7F63400DEC03E /* View */ = {
			isa = PBXGroup;
			children = (
				A90E1A4128C7F72200DEC03E /* MainView.swift */,
				A92352412915630D006707A1 /* DetailView.swift */,
			);
			path = View;
			sourceTree = "<group>";
		};
		A90E1A3D28C7F63B00DEC03E /* ViewModel */ = {
			isa = PBXGroup;
			children = (
				A90E1A4328C7F75F00DEC03E /* MainViewModel.swift */,
			);
			path = ViewModel;
			sourceTree = "<group>";
		};
		A90E1A3E28C7F64F00DEC03E /* Model */ = {
			isa = PBXGroup;
			children = (
				A90E1A4528C7F78700DEC03E /* Enums */,
				A90E1A4828C7F7E000DEC03E /* NetworkConnection.swift */,
				A90E1A4A28C7F81100DEC03E /* NetworkAddress.swift */,
			);
			path = Model;
			sourceTree = "<group>";
		};
		A90E1A3F28C7F65D00DEC03E /* Utilities */ = {
			isa = PBXGroup;
			children = (
				A90E1A4C28C7F85000DEC03E /* ResourceUtil.swift */,
				A90E1A4E28C7F88600DEC03E /* ConnectionsUtil.swift */,
				A92352432915CA4C006707A1 /* Constants.swift */,
			);
			path = Utilities;
			sourceTree = "<group>";
		};
		A90E1A4528C7F78700DEC03E /* Enums */ = {
			isa = PBXGroup;
			children = (
				A90E1A4628C7F7B700DEC03E /* NetworkProtocol.swift */,
			);
			path = Enums;
			sourceTree = "<group>";
		};
/* End PBXGroup section */

/* Begin PBXNativeTarget section */
		A90E1A0D28C7F61E00DEC03E /* Port Watch */ = {
			isa = PBXNativeTarget;
			buildConfigurationList = A90E1A3328C7F62000DEC03E /* Build configuration list for PBXNativeTarget "Port Watch" */;
			buildPhases = (
				A90E1A0A28C7F61E00DEC03E /* Sources */,
				A90E1A0B28C7F61E00DEC03E /* Frameworks */,
				A90E1A0C28C7F61E00DEC03E /* Resources */,
			);
			buildRules = (
			);
			dependencies = (
			);
			name = "Port Watch";
			productName = "Port Watch";
			productReference = A90E1A0E28C7F61E00DEC03E /* Port Watch.app */;
			productType = "com.apple.product-type.application";
		};
		A90E1A1E28C7F62000DEC03E /* Port WatchTests */ = {
			isa = PBXNativeTarget;
			buildConfigurationList = A90E1A3628C7F62000DEC03E /* Build configuration list for PBXNativeTarget "Port WatchTests" */;
			buildPhases = (
				A90E1A1B28C7F62000DEC03E /* Sources */,
				A90E1A1C28C7F62000DEC03E /* Frameworks */,
				A90E1A1D28C7F62000DEC03E /* Resources */,
			);
			buildRules = (
			);
			dependencies = (
				A90E1A2128C7F62000DEC03E /* PBXTargetDependency */,
			);
			name = "Port WatchTests";
			productName = "Port WatchTests";
			productReference = A90E1A1F28C7F62000DEC03E /* Port WatchTests.xctest */;
			productType = "com.apple.product-type.bundle.unit-test";
		};
		A90E1A2828C7F62000DEC03E /* Port WatchUITests */ = {
			isa = PBXNativeTarget;
			buildConfigurationList = A90E1A3928C7F62000DEC03E /* Build configuration list for PBXNativeTarget "Port WatchUITests" */;
			buildPhases = (
				A90E1A2528C7F62000DEC03E /* Sources */,
				A90E1A2628C7F62000DEC03E /* Frameworks */,
				A90E1A2728C7F62000DEC03E /* Resources */,
			);
			buildRules = (
			);
			dependencies = (
				A90E1A2B28C7F62000DEC03E /* PBXTargetDependency */,
			);
			name = "Port WatchUITests";
			productName = "Port WatchUITests";
			productReference = A90E1A2928C7F62000DEC03E /* Port WatchUITests.xctest */;
			productType = "com.apple.product-type.bundle.ui-testing";
		};
/* End PBXNativeTarget section */

/* Begin PBXProject section */
		A90E1A0628C7F61E00DEC03E /* Project object */ = {
			isa = PBXProject;
			attributes = {
				BuildIndependentTargetsInParallel = 1;
				LastSwiftUpdateCheck = 1340;
				LastUpgradeCheck = 1400;
				TargetAttributes = {
					A90E1A0D28C7F61E00DEC03E = {
						CreatedOnToolsVersion = 13.4.1;
					};
					A90E1A1E28C7F62000DEC03E = {
						CreatedOnToolsVersion = 13.4.1;
						TestTargetID = A90E1A0D28C7F61E00DEC03E;
					};
					A90E1A2828C7F62000DEC03E = {
						CreatedOnToolsVersion = 13.4.1;
						TestTargetID = A90E1A0D28C7F61E00DEC03E;
					};
				};
			};
			buildConfigurationList = A90E1A0928C7F61E00DEC03E /* Build configuration list for PBXProject "Port Watch" */;
			compatibilityVersion = "Xcode 13.0";
			developmentRegion = en;
			hasScannedForEncodings = 0;
			knownRegions = (
				en,
				Base,
				de,
				es,
				fr,
			);
			mainGroup = A90E1A0528C7F61E00DEC03E;
			productRefGroup = A90E1A0F28C7F61E00DEC03E /* Products */;
			projectDirPath = "";
			projectRoot = "";
			targets = (
				A90E1A0D28C7F61E00DEC03E /* Port Watch */,
				A90E1A1E28C7F62000DEC03E /* Port WatchTests */,
				A90E1A2828C7F62000DEC03E /* Port WatchUITests */,
			);
		};
/* End PBXProject section */

/* Begin PBXResourcesBuildPhase section */
		A90E1A0C28C7F61E00DEC03E /* Resources */ = {
			isa = PBXResourcesBuildPhase;
			buildActionMask = 2147483647;
			files = (
				A90E1A1928C7F62000DEC03E /* Preview Assets.xcassets in Resources */,
				A90E1A5528C7FBBC00DEC03E /* Localizable.strings in Resources */,
				A90E1A1628C7F62000DEC03E /* Assets.xcassets in Resources */,
			);
			runOnlyForDeploymentPostprocessing = 0;
		};
		A90E1A1D28C7F62000DEC03E /* Resources */ = {
			isa = PBXResourcesBuildPhase;
			buildActionMask = 2147483647;
			files = (
			);
			runOnlyForDeploymentPostprocessing = 0;
		};
		A90E1A2728C7F62000DEC03E /* Resources */ = {
			isa = PBXResourcesBuildPhase;
			buildActionMask = 2147483647;
			files = (
			);
			runOnlyForDeploymentPostprocessing = 0;
		};
/* End PBXResourcesBuildPhase section */

/* Begin PBXSourcesBuildPhase section */
		A90E1A0A28C7F61E00DEC03E /* Sources */ = {
			isa = PBXSourcesBuildPhase;
			buildActionMask = 2147483647;
			files = (
				A90E1A4228C7F72200DEC03E /* MainView.swift in Sources */,
				A92352442915CA4C006707A1 /* Constants.swift in Sources */,
				A90E1A4928C7F7E000DEC03E /* NetworkConnection.swift in Sources */,
				A90E1A4D28C7F85000DEC03E /* ResourceUtil.swift in Sources */,
				A92352422915630D006707A1 /* DetailView.swift in Sources */,
				A90E1A4728C7F7B700DEC03E /* NetworkProtocol.swift in Sources */,
				A90E1A1228C7F61E00DEC03E /* Port_WatchApp.swift in Sources */,
				A90E1A4B28C7F81100DEC03E /* NetworkAddress.swift in Sources */,
				A90E1A4428C7F75F00DEC03E /* MainViewModel.swift in Sources */,
				A90E1A5228C7FA7100DEC03E /* AppDelegate.swift in Sources */,
				A90E1A4F28C7F88600DEC03E /* ConnectionsUtil.swift in Sources */,
			);
			runOnlyForDeploymentPostprocessing = 0;
		};
		A90E1A1B28C7F62000DEC03E /* Sources */ = {
			isa = PBXSourcesBuildPhase;
			buildActionMask = 2147483647;
			files = (
				A90E1A2428C7F62000DEC03E /* Port_WatchTests.swift in Sources */,
			);
			runOnlyForDeploymentPostprocessing = 0;
		};
		A90E1A2528C7F62000DEC03E /* Sources */ = {
			isa = PBXSourcesBuildPhase;
			buildActionMask = 2147483647;
			files = (
				A90E1A2E28C7F62000DEC03E /* Port_WatchUITests.swift in Sources */,
				A90E1A3028C7F62000DEC03E /* Port_WatchUITestsLaunchTests.swift in Sources */,
			);
			runOnlyForDeploymentPostprocessing = 0;
		};
/* End PBXSourcesBuildPhase section */

/* Begin PBXTargetDependency section */
		A90E1A2128C7F62000DEC03E /* PBXTargetDependency */ = {
			isa = PBXTargetDependency;
			target = A90E1A0D28C7F61E00DEC03E /* Port Watch */;
			targetProxy = A90E1A2028C7F62000DEC03E /* PBXContainerItemProxy */;
		};
		A90E1A2B28C7F62000DEC03E /* PBXTargetDependency */ = {
			isa = PBXTargetDependency;
			target = A90E1A0D28C7F61E00DEC03E /* Port Watch */;
			targetProxy = A90E1A2A28C7F62000DEC03E /* PBXContainerItemProxy */;
		};
/* End PBXTargetDependency section */

/* Begin PBXVariantGroup section */
		A90E1A5728C7FBBC00DEC03E /* Localizable.strings */ = {
			isa = PBXVariantGroup;
			children = (
				A90E1A5628C7FBBC00DEC03E /* en */,
				A90E1A5828C7FC6600DEC03E /* de */,
				A90E1A5928C7FC8900DEC03E /* es */,
				A90E1A5A28C7FCB800DEC03E /* fr */,
			);
			name = Localizable.strings;
			sourceTree = "<group>";
		};
/* End PBXVariantGroup section */

/* Begin XCBuildConfiguration section */
		A90E1A3128C7F62000DEC03E /* Debug */ = {
			isa = XCBuildConfiguration;
			buildSettings = {
				ALWAYS_SEARCH_USER_PATHS = NO;
				CLANG_ANALYZER_LOCALIZABILITY_NONLOCALIZED = YES;
				CLANG_ANALYZER_NONNULL = YES;
				CLANG_ANALYZER_NUMBER_OBJECT_CONVERSION = YES_AGGRESSIVE;
				CLANG_CXX_LANGUAGE_STANDARD = "gnu++17";
				CLANG_ENABLE_MODULES = YES;
				CLANG_ENABLE_OBJC_ARC = YES;
				CLANG_ENABLE_OBJC_WEAK = YES;
				CLANG_WARN_BLOCK_CAPTURE_AUTORELEASING = YES;
				CLANG_WARN_BOOL_CONVERSION = YES;
				CLANG_WARN_COMMA = YES;
				CLANG_WARN_CONSTANT_CONVERSION = YES;
				CLANG_WARN_DEPRECATED_OBJC_IMPLEMENTATIONS = YES;
				CLANG_WARN_DIRECT_OBJC_ISA_USAGE = YES_ERROR;
				CLANG_WARN_DOCUMENTATION_COMMENTS = YES;
				CLANG_WARN_EMPTY_BODY = YES;
				CLANG_WARN_ENUM_CONVERSION = YES;
				CLANG_WARN_INFINITE_RECURSION = YES;
				CLANG_WARN_INT_CONVERSION = YES;
				CLANG_WARN_NON_LITERAL_NULL_CONVERSION = YES;
				CLANG_WARN_OBJC_IMPLICIT_RETAIN_SELF = YES;
				CLANG_WARN_OBJC_LITERAL_CONVERSION = YES;
				CLANG_WARN_OBJC_ROOT_CLASS = YES_ERROR;
				CLANG_WARN_QUOTED_INCLUDE_IN_FRAMEWORK_HEADER = YES;
				CLANG_WARN_RANGE_LOOP_ANALYSIS = YES;
				CLANG_WARN_STRICT_PROTOTYPES = YES;
				CLANG_WARN_SUSPICIOUS_MOVE = YES;
				CLANG_WARN_UNGUARDED_AVAILABILITY = YES_AGGRESSIVE;
				CLANG_WARN_UNREACHABLE_CODE = YES;
				CLANG_WARN__DUPLICATE_METHOD_MATCH = YES;
				COPY_PHASE_STRIP = NO;
				DEAD_CODE_STRIPPING = YES;
				DEBUG_INFORMATION_FORMAT = dwarf;
				ENABLE_STRICT_OBJC_MSGSEND = YES;
				ENABLE_TESTABILITY = YES;
				GCC_C_LANGUAGE_STANDARD = gnu11;
				GCC_DYNAMIC_NO_PIC = NO;
				GCC_NO_COMMON_BLOCKS = YES;
				GCC_OPTIMIZATION_LEVEL = 0;
				GCC_PREPROCESSOR_DEFINITIONS = (
					"DEBUG=1",
					"$(inherited)",
				);
				GCC_WARN_64_TO_32_BIT_CONVERSION = YES;
				GCC_WARN_ABOUT_RETURN_TYPE = YES_ERROR;
				GCC_WARN_UNDECLARED_SELECTOR = YES;
				GCC_WARN_UNINITIALIZED_AUTOS = YES_AGGRESSIVE;
				GCC_WARN_UNUSED_FUNCTION = YES;
				GCC_WARN_UNUSED_VARIABLE = YES;
				MACOSX_DEPLOYMENT_TARGET = 13.0;
				MTL_ENABLE_DEBUG_INFO = INCLUDE_SOURCE;
				MTL_FAST_MATH = YES;
				ONLY_ACTIVE_ARCH = YES;
				SDKROOT = macosx;
				SWIFT_ACTIVE_COMPILATION_CONDITIONS = DEBUG;
				SWIFT_OPTIMIZATION_LEVEL = "-Onone";
			};
			name = Debug;
		};
		A90E1A3228C7F62000DEC03E /* Release */ = {
			isa = XCBuildConfiguration;
			buildSettings = {
				ALWAYS_SEARCH_USER_PATHS = NO;
				CLANG_ANALYZER_LOCALIZABILITY_NONLOCALIZED = YES;
				CLANG_ANALYZER_NONNULL = YES;
				CLANG_ANALYZER_NUMBER_OBJECT_CONVERSION = YES_AGGRESSIVE;
				CLANG_CXX_LANGUAGE_STANDARD = "gnu++17";
				CLANG_ENABLE_MODULES = YES;
				CLANG_ENABLE_OBJC_ARC = YES;
				CLANG_ENABLE_OBJC_WEAK = YES;
				CLANG_WARN_BLOCK_CAPTURE_AUTORELEASING = YES;
				CLANG_WARN_BOOL_CONVERSION = YES;
				CLANG_WARN_COMMA = YES;
				CLANG_WARN_CONSTANT_CONVERSION = YES;
				CLANG_WARN_DEPRECATED_OBJC_IMPLEMENTATIONS = YES;
				CLANG_WARN_DIRECT_OBJC_ISA_USAGE = YES_ERROR;
				CLANG_WARN_DOCUMENTATION_COMMENTS = YES;
				CLANG_WARN_EMPTY_BODY = YES;
				CLANG_WARN_ENUM_CONVERSION = YES;
				CLANG_WARN_INFINITE_RECURSION = YES;
				CLANG_WARN_INT_CONVERSION = YES;
				CLANG_WARN_NON_LITERAL_NULL_CONVERSION = YES;
				CLANG_WARN_OBJC_IMPLICIT_RETAIN_SELF = YES;
				CLANG_WARN_OBJC_LITERAL_CONVERSION = YES;
				CLANG_WARN_OBJC_ROOT_CLASS = YES_ERROR;
				CLANG_WARN_QUOTED_INCLUDE_IN_FRAMEWORK_HEADER = YES;
				CLANG_WARN_RANGE_LOOP_ANALYSIS = YES;
				CLANG_WARN_STRICT_PROTOTYPES = YES;
				CLANG_WARN_SUSPICIOUS_MOVE = YES;
				CLANG_WARN_UNGUARDED_AVAILABILITY = YES_AGGRESSIVE;
				CLANG_WARN_UNREACHABLE_CODE = YES;
				CLANG_WARN__DUPLICATE_METHOD_MATCH = YES;
				COPY_PHASE_STRIP = NO;
				DEAD_CODE_STRIPPING = YES;
				DEBUG_INFORMATION_FORMAT = "dwarf-with-dsym";
				ENABLE_NS_ASSERTIONS = NO;
				ENABLE_STRICT_OBJC_MSGSEND = YES;
				GCC_C_LANGUAGE_STANDARD = gnu11;
				GCC_NO_COMMON_BLOCKS = YES;
				GCC_WARN_64_TO_32_BIT_CONVERSION = YES;
				GCC_WARN_ABOUT_RETURN_TYPE = YES_ERROR;
				GCC_WARN_UNDECLARED_SELECTOR = YES;
				GCC_WARN_UNINITIALIZED_AUTOS = YES_AGGRESSIVE;
				GCC_WARN_UNUSED_FUNCTION = YES;
				GCC_WARN_UNUSED_VARIABLE = YES;
				MACOSX_DEPLOYMENT_TARGET = 13.0;
				MTL_ENABLE_DEBUG_INFO = NO;
				MTL_FAST_MATH = YES;
				SDKROOT = macosx;
				SWIFT_COMPILATION_MODE = wholemodule;
				SWIFT_OPTIMIZATION_LEVEL = "-O";
			};
			name = Release;
		};
		A90E1A3428C7F62000DEC03E /* Debug */ = {
			isa = XCBuildConfiguration;
			buildSettings = {
				ASSETCATALOG_COMPILER_APPICON_NAME = AppIcon;
				ASSETCATALOG_COMPILER_GLOBAL_ACCENT_COLOR_NAME = AccentColor;
				CODE_SIGN_ENTITLEMENTS = "Port Watch/Port_Watch.entitlements";
				CODE_SIGN_IDENTITY = "-";
				CODE_SIGN_STYLE = Automatic;
				COMBINE_HIDPI_IMAGES = YES;
				CURRENT_PROJECT_VERSION = 1;
				DEAD_CODE_STRIPPING = YES;
				DEVELOPMENT_ASSET_PATHS = "\"Port Watch/Preview Content\"";
				ENABLE_PREVIEWS = YES;
				GENERATE_INFOPLIST_FILE = YES;
				INFOPLIST_KEY_NSHumanReadableCopyright = "";
				LD_RUNPATH_SEARCH_PATHS = (
					"$(inherited)",
					"@executable_path/../Frameworks",
				);
				MACOSX_DEPLOYMENT_TARGET = 13.0;
				MARKETING_VERSION = 1.0;
				PRODUCT_BUNDLE_IDENTIFIER = "com.example.Port-Watch";
				PRODUCT_NAME = "$(TARGET_NAME)";
				SWIFT_EMIT_LOC_STRINGS = YES;
				SWIFT_OBJC_BRIDGING_HEADER = "Port-Watch-Bridging-Header.h";
				SWIFT_VERSION = 5.0;
			};
			name = Debug;
		};
		A90E1A3528C7F62000DEC03E /* Release */ = {
			isa = XCBuildConfiguration;
			buildSettings = {
				ASSETCATALOG_COMPILER_APPICON_NAME = AppIcon;
				ASSETCATALOG_COMPILER_GLOBAL_ACCENT_COLOR_NAME = AccentColor;
				CODE_SIGN_ENTITLEMENTS = "Port Watch/Port_Watch.entitlements";
				CODE_SIGN_IDENTITY = "-";
				CODE_SIGN_STYLE = Automatic;
				COMBINE_HIDPI_IMAGES = YES;
				CURRENT_PROJECT_VERSION = 1;
				DEAD_CODE_STRIPPING = YES;
				DEVELOPMENT_ASSET_PATHS = "\"Port Watch/Preview Content\"";
				ENABLE_PREVIEWS = YES;
				GENERATE_INFOPLIST_FILE = YES;
				INFOPLIST_KEY_NSHumanReadableCopyright = "";
				LD_RUNPATH_SEARCH_PATHS = (
					"$(inherited)",
					"@executable_path/../Frameworks",
				);
				MACOSX_DEPLOYMENT_TARGET = 13.0;
				MARKETING_VERSION = 1.0;
				PRODUCT_BUNDLE_IDENTIFIER = "com.example.Port-Watch";
				PRODUCT_NAME = "$(TARGET_NAME)";
				SWIFT_EMIT_LOC_STRINGS = YES;
				SWIFT_OBJC_BRIDGING_HEADER = "Port-Watch-Bridging-Header.h";
				SWIFT_VERSION = 5.0;
			};
			name = Release;
		};
		A90E1A3728C7F62000DEC03E /* Debug */ = {
			isa = XCBuildConfiguration;
			buildSettings = {
				ALWAYS_EMBED_SWIFT_STANDARD_LIBRARIES = YES;
				BUNDLE_LOADER = "$(TEST_HOST)";
				CODE_SIGN_STYLE = Automatic;
				CURRENT_PROJECT_VERSION = 1;
				DEAD_CODE_STRIPPING = YES;
				GENERATE_INFOPLIST_FILE = YES;
				MACOSX_DEPLOYMENT_TARGET = 12.3;
				MARKETING_VERSION = 1.0;
				PRODUCT_BUNDLE_IDENTIFIER = "com.example.Port-WatchTests";
				PRODUCT_NAME = "$(TARGET_NAME)";
				SWIFT_EMIT_LOC_STRINGS = NO;
				SWIFT_VERSION = 5.0;
				TEST_HOST = "$(BUILT_PRODUCTS_DIR)/Port Watch.app/Contents/MacOS/Port Watch";
			};
			name = Debug;
		};
		A90E1A3828C7F62000DEC03E /* Release */ = {
			isa = XCBuildConfiguration;
			buildSettings = {
				ALWAYS_EMBED_SWIFT_STANDARD_LIBRARIES = YES;
				BUNDLE_LOADER = "$(TEST_HOST)";
				CODE_SIGN_STYLE = Automatic;
				CURRENT_PROJECT_VERSION = 1;
				DEAD_CODE_STRIPPING = YES;
				GENERATE_INFOPLIST_FILE = YES;
				MACOSX_DEPLOYMENT_TARGET = 12.3;
				MARKETING_VERSION = 1.0;
				PRODUCT_BUNDLE_IDENTIFIER = "com.example.Port-WatchTests";
				PRODUCT_NAME = "$(TARGET_NAME)";
				SWIFT_EMIT_LOC_STRINGS = NO;
				SWIFT_VERSION = 5.0;
				TEST_HOST = "$(BUILT_PRODUCTS_DIR)/Port Watch.app/Contents/MacOS/Port Watch";
			};
			name = Release;
		};
		A90E1A3A28C7F62000DEC03E /* Debug */ = {
			isa = XCBuildConfiguration;
			buildSettings = {
				ALWAYS_EMBED_SWIFT_STANDARD_LIBRARIES = YES;
				CODE_SIGN_STYLE = Automatic;
				CURRENT_PROJECT_VERSION = 1;
				DEAD_CODE_STRIPPING = YES;
				GENERATE_INFOPLIST_FILE = YES;
				MARKETING_VERSION = 1.0;
				PRODUCT_BUNDLE_IDENTIFIER = "com.example.Port-WatchUITests";
				PRODUCT_NAME = "$(TARGET_NAME)";
				SWIFT_EMIT_LOC_STRINGS = NO;
				SWIFT_VERSION = 5.0;
				TEST_TARGET_NAME = "Port Watch";
			};
			name = Debug;
		};
		A90E1A3B28C7F62000DEC03E /* Release */ = {
			isa = XCBuildConfiguration;
			buildSettings = {
				ALWAYS_EMBED_SWIFT_STANDARD_LIBRARIES = YES;
				CODE_SIGN_STYLE = Automatic;
				CURRENT_PROJECT_VERSION = 1;
				DEAD_CODE_STRIPPING = YES;
				GENERATE_INFOPLIST_FILE = YES;
				MARKETING_VERSION = 1.0;
				PRODUCT_BUNDLE_IDENTIFIER = "com.example.Port-WatchUITests";
				PRODUCT_NAME = "$(TARGET_NAME)";
				SWIFT_EMIT_LOC_STRINGS = NO;
				SWIFT_VERSION = 5.0;
				TEST_TARGET_NAME = "Port Watch";
			};
			name = Release;
		};
/* End XCBuildConfiguration section */

/* Begin XCConfigurationList section */
		A90E1A0928C7F61E00DEC03E /* Build configuration list for PBXProject "Port Watch" */ = {
			isa = XCConfigurationList;
			buildConfigurations = (
				A90E1A3128C7F62000DEC03E /* Debug */,
				A90E1A3228C7F62000DEC03E /* Release */,
			);
			defaultConfigurationIsVisible = 0;
			defaultConfigurationName = Release;
		};
		A90E1A3328C7F62000DEC03E /* Build configuration list for PBXNativeTarget "Port Watch" */ = {
			isa = XCConfigurationList;
			buildConfigurations = (
				A90E1A3428C7F62000DEC03E /* Debug */,
				A90E1A3528C7F62000DEC03E /* Release */,
			);
			defaultConfigurationIsVisible = 0;
			defaultConfigurationName = Release;
		};
		A90E1A3628C7F62000DEC03E /* Build configuration list for PBXNativeTarget "Port WatchTests" */ = {
			isa = XCConfigurationList;
			buildConfigurations = (
				A90E1A3728C7F62000DEC03E /* Debug */,
				A90E1A3828C7F62000DEC03E /* Release */,
			);
			defaultConfigurationIsVisible = 0;
			defaultConfigurationName = Release;
		};
		A90E1A3928C7F62000DEC03E /* Build configuration list for PBXNativeTarget "Port WatchUITests" */ = {
			isa = XCConfigurationList;
			buildConfigurations = (
				A90E1A3A28C7F62000DEC03E /* Debug */,
				A90E1A3B28C7F62000DEC03E /* Release */,
			);
			defaultConfigurationIsVisible = 0;
			defaultConfigurationName = Release;
		};
/* End XCConfigurationList section */
	};
	rootObject = A90E1A0628C7F61E00DEC03E /* Project object */;
}
